{
  "object": {
    "pins": [
      {
        "package": "STools",
        "repositoryURL": "https://github.com/TimmysApp/STools",
        "state": {
          "branch": "master",
          "revision": "c87beb2dc13a0d65fa0824451a64e75d34f7857d",
          "version": null
        }
      }
    ]
  },
  "version": 1
}
