{
  "object": {
    "pins": [
      {
        "package": "STools",
        "repositoryURL": "https://github.com/TimmysApp/STools",
        "state": {
          "branch": "master",
          "revision": "2802c9c2918e4b032bee7f3cd504bb76d0807a42",
          "version": null
        }
      }
    ]
  },
  "version": 1
}
