{
  "object": {
    "pins": [
      {
        "package": "STools",
        "repositoryURL": "https://github.com/TimmysApp/STools",
        "state": {
          "branch": "master",
          "revision": "fe3bd4b24693354d24571fab779173634f7aebbf",
          "version": null
        }
      }
    ]
  },
  "version": 1
}
